{
  "name": "eag-to-java",
  "version": "1.0.0",
  "lockfileVersion": 2,
  "requires": true,
  "packages": {
    "": {
      "name": "eag-to-java",
      "version": "1.0.0",
      "license": "ISC",
      "dependencies": {
        "@minecraft-js/nbt": "^1.1.0",
        "binary-nbt": "^0.5.7"
      }
    },
    "node_modules/@minecraft-js/bufwrapper": {
      "version": "1.4.6",
      "resolved": "https://registry.npmjs.org/@minecraft-js/bufwrapper/-/bufwrapper-1.4.6.tgz",
      "integrity": "sha512-+VD3Zq2S3q4EHsHNCFmNJKJbVSNBFROxMKEmwnC43GP2/AI+kb/gDro4UOq3lup4EGK0xNPTejUe1Qjq/sXt3Q==",
      "dependencies": {
        "@minecraft-js/uuid": "^1.0.3",
        "varint": "^6.0.0"
      }
    },
    "node_modules/@minecraft-js/nbt": {
      "version": "1.1.0",
      "resolved": "https://registry.npmjs.org/@minecraft-js/nbt/-/nbt-1.1.0.tgz",
      "integrity": "sha512-Rl+o09ptoGkBJdHk57vs5hosOnaCfzB2zDWnXNBsC900+OAIl+GHuQLfZj10OIZvzp99dguYK/yJRhYjFPeBUA==",
      "dependencies": {
        "@minecraft-js/bufwrapper": "^1.4.6"
      },
      "engines": {
        "node": ">=18.x"
      }
    },
    "node_modules/@minecraft-js/uuid": {
      "version": "1.0.3",
      "resolved": "https://registry.npmjs.org/@minecraft-js/uuid/-/uuid-1.0.3.tgz",
      "integrity": "sha512-IOomvwaBUGctcSreU2QFLwlQoFyJItBrsEt9sMFylg7+cyuS7IwoMFvbbfeC3uFrfmudQQqD8/TUOG4zcbHGVg==",
      "engines": {
        "node": ">=18.x"
      }
    },
    "node_modules/binary-nbt": {
      "version": "0.5.7",
      "resolved": "https://registry.npmjs.org/binary-nbt/-/binary-nbt-0.5.7.tgz",
      "integrity": "sha512-ut26loSDRvtFaLRt/GNE9x4R05M6Kpx3bcT5TnCMmE9E53J89GIIer/b5h9cgQZR4ocYpuN8bSPDBzr57btLqA==",
      "dependencies": {
        "cac": "6.4.3",
        "long": "4.0.0",
        "mkdirp": "0.5.1",
        "tslib": "1.9.3"
      },
      "bin": {
        "binary-nbt": "lib/bin.js"
      }
    },
    "node_modules/cac": {
      "version": "6.4.3",
      "resolved": "https://registry.npmjs.org/cac/-/cac-6.4.3.tgz",
      "integrity": "sha512-vnSAe5+uEWFnCre3NkjYJS/Gq6PjZLXw9iErjtPH/2pBr3Ieyvh751zpA33eNBhyX4gDjlsaJBQLn70lawytZQ==",
      "engines": {
        "node": ">=8"
      }
    },
    "node_modules/long": {
      "version": "4.0.0",
      "resolved": "https://registry.npmjs.org/long/-/long-4.0.0.tgz",
      "integrity": "sha512-XsP+KhQif4bjX1kbuSiySJFNAehNxgLb6hPRGJ9QsUr8ajHkuXGdrHmFUTUUXhDwVX2R5bY4JNZEwbUiMhV+MA=="
    },
    "node_modules/minimist": {
      "version": "0.0.8",
      "resolved": "https://registry.npmjs.org/minimist/-/minimist-0.0.8.tgz",
      "integrity": "sha512-miQKw5Hv4NS1Psg2517mV4e4dYNaO3++hjAvLOAzKqZ61rH8NS1SK+vbfBWZ5PY/Me/bEWhUwqMghEW5Fb9T7Q=="
    },
    "node_modules/mkdirp": {
      "version": "0.5.1",
      "resolved": "https://registry.npmjs.org/mkdirp/-/mkdirp-0.5.1.tgz",
      "integrity": "sha512-SknJC52obPfGQPnjIkXbmA6+5H15E+fR+E4iR2oQ3zzCLbd7/ONua69R/Gw7AgkTLsRG+r5fzksYwWe1AgTyWA==",
      "deprecated": "Legacy versions of mkdirp are no longer supported. Please update to mkdirp 1.x. (Note that the API surface has changed to use Promises in 1.x.)",
      "dependencies": {
        "minimist": "0.0.8"
      },
      "bin": {
        "mkdirp": "bin/cmd.js"
      }
    },
    "node_modules/tslib": {
      "version": "1.9.3",
      "resolved": "https://registry.npmjs.org/tslib/-/tslib-1.9.3.tgz",
      "integrity": "sha512-4krF8scpejhaOgqzBEcGM7yDIEfi0/8+8zDRZhNZZ2kjmHJ4hv3zCbQWxoJGz1iw5U0Jl0nma13xzHXcncMavQ=="
    },
    "node_modules/varint": {
      "version": "6.0.0",
      "resolved": "https://registry.npmjs.org/varint/-/varint-6.0.0.tgz",
      "integrity": "sha512-cXEIW6cfr15lFv563k4GuVuW/fiwjknytD37jIOLSdSWuOI6WnO/oKwmP2FQTU2l01LP8/M5TSAJpzUaGe3uWg=="
    }
  },
  "dependencies": {
    "@minecraft-js/bufwrapper": {
      "version": "1.4.6",
      "resolved": "https://registry.npmjs.org/@minecraft-js/bufwrapper/-/bufwrapper-1.4.6.tgz",
      "integrity": "sha512-+VD3Zq2S3q4EHsHNCFmNJKJbVSNBFROxMKEmwnC43GP2/AI+kb/gDro4UOq3lup4EGK0xNPTejUe1Qjq/sXt3Q==",
      "requires": {
        "@minecraft-js/uuid": "^1.0.3",
        "varint": "^6.0.0"
      }
    },
    "@minecraft-js/nbt": {
      "version": "1.1.0",
      "resolved": "https://registry.npmjs.org/@minecraft-js/nbt/-/nbt-1.1.0.tgz",
      "integrity": "sha512-Rl+o09ptoGkBJdHk57vs5hosOnaCfzB2zDWnXNBsC900+OAIl+GHuQLfZj10OIZvzp99dguYK/yJRhYjFPeBUA==",
      "requires": {
        "@minecraft-js/bufwrapper": "^1.4.6"
      }
    },
    "@minecraft-js/uuid": {
      "version": "1.0.3",
      "resolved": "https://registry.npmjs.org/@minecraft-js/uuid/-/uuid-1.0.3.tgz",
      "integrity": "sha512-IOomvwaBUGctcSreU2QFLwlQoFyJItBrsEt9sMFylg7+cyuS7IwoMFvbbfeC3uFrfmudQQqD8/TUOG4zcbHGVg=="
    },
    "binary-nbt": {
      "version": "0.5.7",
      "resolved": "https://registry.npmjs.org/binary-nbt/-/binary-nbt-0.5.7.tgz",
      "integrity": "sha512-ut26loSDRvtFaLRt/GNE9x4R05M6Kpx3bcT5TnCMmE9E53J89GIIer/b5h9cgQZR4ocYpuN8bSPDBzr57btLqA==",
      "requires": {
        "cac": "6.4.3",
        "long": "4.0.0",
        "mkdirp": "0.5.1",
        "tslib": "1.9.3"
      }
    },
    "cac": {
      "version": "6.4.3",
      "resolved": "https://registry.npmjs.org/cac/-/cac-6.4.3.tgz",
      "integrity": "sha512-vnSAe5+uEWFnCre3NkjYJS/Gq6PjZLXw9iErjtPH/2pBr3Ieyvh751zpA33eNBhyX4gDjlsaJBQLn70lawytZQ=="
    },
    "long": {
      "version": "4.0.0",
      "resolved": "https://registry.npmjs.org/long/-/long-4.0.0.tgz",
      "integrity": "sha512-XsP+KhQif4bjX1kbuSiySJFNAehNxgLb6hPRGJ9QsUr8ajHkuXGdrHmFUTUUXhDwVX2R5bY4JNZEwbUiMhV+MA=="
    },
    "minimist": {
      "version": "0.0.8",
      "resolved": "https://registry.npmjs.org/minimist/-/minimist-0.0.8.tgz",
      "integrity": "sha512-miQKw5Hv4NS1Psg2517mV4e4dYNaO3++hjAvLOAzKqZ61rH8NS1SK+vbfBWZ5PY/Me/bEWhUwqMghEW5Fb9T7Q=="
    },
    "mkdirp": {
      "version": "0.5.1",
      "resolved": "https://registry.npmjs.org/mkdirp/-/mkdirp-0.5.1.tgz",
      "integrity": "sha512-SknJC52obPfGQPnjIkXbmA6+5H15E+fR+E4iR2oQ3zzCLbd7/ONua69R/Gw7AgkTLsRG+r5fzksYwWe1AgTyWA==",
      "requires": {
        "minimist": "0.0.8"
      }
    },
    "tslib": {
      "version": "1.9.3",
      "resolved": "https://registry.npmjs.org/tslib/-/tslib-1.9.3.tgz",
      "integrity": "sha512-4krF8scpejhaOgqzBEcGM7yDIEfi0/8+8zDRZhNZZ2kjmHJ4hv3zCbQWxoJGz1iw5U0Jl0nma13xzHXcncMavQ=="
    },
    "varint": {
      "version": "6.0.0",
      "resolved": "https://registry.npmjs.org/varint/-/varint-6.0.0.tgz",
      "integrity": "sha512-cXEIW6cfr15lFv563k4GuVuW/fiwjknytD37jIOLSdSWuOI6WnO/oKwmP2FQTU2l01LP8/M5TSAJpzUaGe3uWg=="
    }
  }
}
